// !$*UTF8*$!
{
	archiveVersion = 1;
	classes = {
	};
	objectVersion = 56;
	objects = {

/* Begin PBXBuildFile section */
		229EE3142B3921640083F0F7 /* A10WIDGETApp.swift in Sources */ = {isa = PBXBuildFile; fileRef = 229EE3132B3921640083F0F7 /* A10WIDGETApp.swift */; };
		229EE3162B3921640083F0F7 /* ContentView.swift in Sources */ = {isa = PBXBuildFile; fileRef = 229EE3152B3921640083F0F7 /* ContentView.swift */; };
		229EE3182B3921670083F0F7 /* Assets.xcassets in Resources */ = {isa = PBXBuildFile; fileRef = 229EE3172B3921670083F0F7 /* Assets.xcassets */; };
		229EE31B2B3921670083F0F7 /* Preview Assets.xcassets in Resources */ = {isa = PBXBuildFile; fileRef = 229EE31A2B3921670083F0F7 /* Preview Assets.xcassets */; };
		229EE3252B3921670083F0F7 /* A10WIDGETTests.swift in Sources */ = {isa = PBXBuildFile; fileRef = 229EE3242B3921670083F0F7 /* A10WIDGETTests.swift */; };
		229EE32F2B3921670083F0F7 /* A10WIDGETUITests.swift in Sources */ = {isa = PBXBuildFile; fileRef = 229EE32E2B3921670083F0F7 /* A10WIDGETUITests.swift */; };
		229EE3312B3921670083F0F7 /* A10WIDGETUITestsLaunchTests.swift in Sources */ = {isa = PBXBuildFile; fileRef = 229EE3302B3921670083F0F7 /* A10WIDGETUITestsLaunchTests.swift */; };
		229EE3442B3926440083F0F7 /* WidgetKit.framework in Frameworks */ = {isa = PBXBuildFile; fileRef = 229EE3432B3926440083F0F7 /* WidgetKit.framework */; };
		229EE3462B3926440083F0F7 /* SwiftUI.framework in Frameworks */ = {isa = PBXBuildFile; fileRef = 229EE3452B3926440083F0F7 /* SwiftUI.framework */; };
		229EE3492B3926440083F0F7 /* widgettargetBundle.swift in Sources */ = {isa = PBXBuildFile; fileRef = 229EE3482B3926440083F0F7 /* widgettargetBundle.swift */; };
		229EE34B2B3926440083F0F7 /* widgettargetLiveActivity.swift in Sources */ = {isa = PBXBuildFile; fileRef = 229EE34A2B3926440083F0F7 /* widgettargetLiveActivity.swift */; };
		229EE34D2B3926440083F0F7 /* widgettarget.swift in Sources */ = {isa = PBXBuildFile; fileRef = 229EE34C2B3926440083F0F7 /* widgettarget.swift */; };
		229EE34F2B3926440083F0F7 /* AppIntent.swift in Sources */ = {isa = PBXBuildFile; fileRef = 229EE34E2B3926440083F0F7 /* AppIntent.swift */; };
		229EE3512B3926450083F0F7 /* Assets.xcassets in Resources */ = {isa = PBXBuildFile; fileRef = 229EE3502B3926450083F0F7 /* Assets.xcassets */; };
		229EE3552B3926450083F0F7 /* widgettargetExtension.appex in Embed Foundation Extensions */ = {isa = PBXBuildFile; fileRef = 229EE3412B3926440083F0F7 /* widgettargetExtension.appex */; settings = {ATTRIBUTES = (RemoveHeadersOnCopy, ); }; };
		229EE35B2B4528560083F0F7 /* QuoteProvider.swift in Sources */ = {isa = PBXBuildFile; fileRef = 229EE35A2B4528560083F0F7 /* QuoteProvider.swift */; };
		229EE35C2B452AF80083F0F7 /* QuoteProvider.swift in Sources */ = {isa = PBXBuildFile; fileRef = 229EE35A2B4528560083F0F7 /* QuoteProvider.swift */; };
/* End PBXBuildFile section */

/* Begin PBXContainerItemProxy section */
		229EE3212B3921670083F0F7 /* PBXContainerItemProxy */ = {
			isa = PBXContainerItemProxy;
			containerPortal = 229EE3082B3921640083F0F7 /* Project object */;
			proxyType = 1;
			remoteGlobalIDString = 229EE30F2B3921640083F0F7;
			remoteInfo = A10WIDGET;
		};
		229EE32B2B3921670083F0F7 /* PBXContainerItemProxy */ = {
			isa = PBXContainerItemProxy;
			containerPortal = 229EE3082B3921640083F0F7 /* Project object */;
			proxyType = 1;
			remoteGlobalIDString = 229EE30F2B3921640083F0F7;
			remoteInfo = A10WIDGET;
		};
		229EE3532B3926450083F0F7 /* PBXContainerItemProxy */ = {
			isa = PBXContainerItemProxy;
			containerPortal = 229EE3082B3921640083F0F7 /* Project object */;
			proxyType = 1;
			remoteGlobalIDString = 229EE3402B3926440083F0F7;
			remoteInfo = widgettargetExtension;
		};
/* End PBXContainerItemProxy section */

/* Begin PBXCopyFilesBuildPhase section */
		229EE3592B3926450083F0F7 /* Embed Foundation Extensions */ = {
			isa = PBXCopyFilesBuildPhase;
			buildActionMask = 2147483647;
			dstPath = "";
			dstSubfolderSpec = 13;
			files = (
				229EE3552B3926450083F0F7 /* widgettargetExtension.appex in Embed Foundation Extensions */,
			);
			name = "Embed Foundation Extensions";
			runOnlyForDeploymentPostprocessing = 0;
		};
/* End PBXCopyFilesBuildPhase section */

/* Begin PBXFileReference section */
		229EE3102B3921640083F0F7 /* A10WIDGET.app */ = {isa = PBXFileReference; explicitFileType = wrapper.application; includeInIndex = 0; path = A10WIDGET.app; sourceTree = BUILT_PRODUCTS_DIR; };
		229EE3132B3921640083F0F7 /* A10WIDGETApp.swift */ = {isa = PBXFileReference; lastKnownFileType = sourcecode.swift; path = A10WIDGETApp.swift; sourceTree = "<group>"; };
		229EE3152B3921640083F0F7 /* ContentView.swift */ = {isa = PBXFileReference; lastKnownFileType = sourcecode.swift; path = ContentView.swift; sourceTree = "<group>"; };
		229EE3172B3921670083F0F7 /* Assets.xcassets */ = {isa = PBXFileReference; lastKnownFileType = folder.assetcatalog; path = Assets.xcassets; sourceTree = "<group>"; };
		229EE31A2B3921670083F0F7 /* Preview Assets.xcassets */ = {isa = PBXFileReference; lastKnownFileType = folder.assetcatalog; path = "Preview Assets.xcassets"; sourceTree = "<group>"; };
		229EE3202B3921670083F0F7 /* A10WIDGETTests.xctest */ = {isa = PBXFileReference; explicitFileType = wrapper.cfbundle; includeInIndex = 0; path = A10WIDGETTests.xctest; sourceTree = BUILT_PRODUCTS_DIR; };
		229EE3242B3921670083F0F7 /* A10WIDGETTests.swift */ = {isa = PBXFileReference; lastKnownFileType = sourcecode.swift; path = A10WIDGETTests.swift; sourceTree = "<group>"; };
		229EE32A2B3921670083F0F7 /* A10WIDGETUITests.xctest */ = {isa = PBXFileReference; explicitFileType = wrapper.cfbundle; includeInIndex = 0; path = A10WIDGETUITests.xctest; sourceTree = BUILT_PRODUCTS_DIR; };
		229EE32E2B3921670083F0F7 /* A10WIDGETUITests.swift */ = {isa = PBXFileReference; lastKnownFileType = sourcecode.swift; path = A10WIDGETUITests.swift; sourceTree = "<group>"; };
		229EE3302B3921670083F0F7 /* A10WIDGETUITestsLaunchTests.swift */ = {isa = PBXFileReference; lastKnownFileType = sourcecode.swift; path = A10WIDGETUITestsLaunchTests.swift; sourceTree = "<group>"; };
		229EE3412B3926440083F0F7 /* widgettargetExtension.appex */ = {isa = PBXFileReference; explicitFileType = "wrapper.app-extension"; includeInIndex = 0; path = widgettargetExtension.appex; sourceTree = BUILT_PRODUCTS_DIR; };
		229EE3432B3926440083F0F7 /* WidgetKit.framework */ = {isa = PBXFileReference; lastKnownFileType = wrapper.framework; name = WidgetKit.framework; path = System/Library/Frameworks/WidgetKit.framework; sourceTree = SDKROOT; };
		229EE3452B3926440083F0F7 /* SwiftUI.framework */ = {isa = PBXFileReference; lastKnownFileType = wrapper.framework; name = SwiftUI.framework; path = System/Library/Frameworks/SwiftUI.framework; sourceTree = SDKROOT; };
		229EE3482B3926440083F0F7 /* widgettargetBundle.swift */ = {isa = PBXFileReference; lastKnownFileType = sourcecode.swift; path = widgettargetBundle.swift; sourceTree = "<group>"; };
		229EE34A2B3926440083F0F7 /* widgettargetLiveActivity.swift */ = {isa = PBXFileReference; lastKnownFileType = sourcecode.swift; path = widgettargetLiveActivity.swift; sourceTree = "<group>"; };
		229EE34C2B3926440083F0F7 /* widgettarget.swift */ = {isa = PBXFileReference; lastKnownFileType = sourcecode.swift; path = widgettarget.swift; sourceTree = "<group>"; };
		229EE34E2B3926440083F0F7 /* AppIntent.swift */ = {isa = PBXFileReference; lastKnownFileType = sourcecode.swift; path = AppIntent.swift; sourceTree = "<group>"; };
		229EE3502B3926450083F0F7 /* Assets.xcassets */ = {isa = PBXFileReference; lastKnownFileType = folder.assetcatalog; path = Assets.xcassets; sourceTree = "<group>"; };
		229EE3522B3926450083F0F7 /* Info.plist */ = {isa = PBXFileReference; lastKnownFileType = text.plist.xml; path = Info.plist; sourceTree = "<group>"; };
		229EE35A2B4528560083F0F7 /* QuoteProvider.swift */ = {isa = PBXFileReference; lastKnownFileType = sourcecode.swift; path = QuoteProvider.swift; sourceTree = "<group>"; };
/* End PBXFileReference section */

/* Begin PBXFrameworksBuildPhase section */
		229EE30D2B3921640083F0F7 /* Frameworks */ = {
			isa = PBXFrameworksBuildPhase;
			buildActionMask = 2147483647;
			files = (
			);
			runOnlyForDeploymentPostprocessing = 0;
		};
		229EE31D2B3921670083F0F7 /* Frameworks */ = {
			isa = PBXFrameworksBuildPhase;
			buildActionMask = 2147483647;
			files = (
			);
			runOnlyForDeploymentPostprocessing = 0;
		};
		229EE3272B3921670083F0F7 /* Frameworks */ = {
			isa = PBXFrameworksBuildPhase;
			buildActionMask = 2147483647;
			files = (
			);
			runOnlyForDeploymentPostprocessing = 0;
		};
		229EE33E2B3926440083F0F7 /* Frameworks */ = {
			isa = PBXFrameworksBuildPhase;
			buildActionMask = 2147483647;
			files = (
				229EE3462B3926440083F0F7 /* SwiftUI.framework in Frameworks */,
				229EE3442B3926440083F0F7 /* WidgetKit.framework in Frameworks */,
			);
			runOnlyForDeploymentPostprocessing = 0;
		};
/* End PBXFrameworksBuildPhase section */

/* Begin PBXGroup section */
		229EE3072B3921640083F0F7 = {
			isa = PBXGroup;
			children = (
				229EE35A2B4528560083F0F7 /* QuoteProvider.swift */,
				229EE3122B3921640083F0F7 /* A10WIDGET */,
				229EE3232B3921670083F0F7 /* A10WIDGETTests */,
				229EE32D2B3921670083F0F7 /* A10WIDGETUITests */,
				229EE3472B3926440083F0F7 /* widgettarget */,
				229EE3422B3926440083F0F7 /* Frameworks */,
				229EE3112B3921640083F0F7 /* Products */,
			);
			sourceTree = "<group>";
		};
		229EE3112B3921640083F0F7 /* Products */ = {
			isa = PBXGroup;
			children = (
				229EE3102B3921640083F0F7 /* A10WIDGET.app */,
				229EE3202B3921670083F0F7 /* A10WIDGETTests.xctest */,
				229EE32A2B3921670083F0F7 /* A10WIDGETUITests.xctest */,
				229EE3412B3926440083F0F7 /* widgettargetExtension.appex */,
			);
			name = Products;
			sourceTree = "<group>";
		};
		229EE3122B3921640083F0F7 /* A10WIDGET */ = {
			isa = PBXGroup;
			children = (
				229EE3132B3921640083F0F7 /* A10WIDGETApp.swift */,
				229EE3152B3921640083F0F7 /* ContentView.swift */,
				229EE3172B3921670083F0F7 /* Assets.xcassets */,
				229EE3192B3921670083F0F7 /* Preview Content */,
			);
			path = A10WIDGET;
			sourceTree = "<group>";
		};
		229EE3192B3921670083F0F7 /* Preview Content */ = {
			isa = PBXGroup;
			children = (
				229EE31A2B3921670083F0F7 /* Preview Assets.xcassets */,
			);
			path = "Preview Content";
			sourceTree = "<group>";
		};
		229EE3232B3921670083F0F7 /* A10WIDGETTests */ = {
			isa = PBXGroup;
			children = (
				229EE3242B3921670083F0F7 /* A10WIDGETTests.swift */,
			);
			path = A10WIDGETTests;
			sourceTree = "<group>";
		};
		229EE32D2B3921670083F0F7 /* A10WIDGETUITests */ = {
			isa = PBXGroup;
			children = (
				229EE32E2B3921670083F0F7 /* A10WIDGETUITests.swift */,
				229EE3302B3921670083F0F7 /* A10WIDGETUITestsLaunchTests.swift */,
			);
			path = A10WIDGETUITests;
			sourceTree = "<group>";
		};
		229EE3422B3926440083F0F7 /* Frameworks */ = {
			isa = PBXGroup;
			children = (
				229EE3432B3926440083F0F7 /* WidgetKit.framework */,
				229EE3452B3926440083F0F7 /* SwiftUI.framework */,
			);
			name = Frameworks;
			sourceTree = "<group>";
		};
		229EE3472B3926440083F0F7 /* widgettarget */ = {
			isa = PBXGroup;
			children = (
				229EE3482B3926440083F0F7 /* widgettargetBundle.swift */,
				229EE34A2B3926440083F0F7 /* widgettargetLiveActivity.swift */,
				229EE34C2B3926440083F0F7 /* widgettarget.swift */,
				229EE34E2B3926440083F0F7 /* AppIntent.swift */,
				229EE3502B3926450083F0F7 /* Assets.xcassets */,
				229EE3522B3926450083F0F7 /* Info.plist */,
			);
			path = widgettarget;
			sourceTree = "<group>";
		};
/* End PBXGroup section */

/* Begin PBXNativeTarget section */
		229EE30F2B3921640083F0F7 /* A10WIDGET */ = {
			isa = PBXNativeTarget;
			buildConfigurationList = 229EE3342B3921670083F0F7 /* Build configuration list for PBXNativeTarget "A10WIDGET" */;
			buildPhases = (
				229EE30C2B3921640083F0F7 /* Sources */,
				229EE30D2B3921640083F0F7 /* Frameworks */,
				229EE30E2B3921640083F0F7 /* Resources */,
				229EE3592B3926450083F0F7 /* Embed Foundation Extensions */,
			);
			buildRules = (
			);
			dependencies = (
				229EE3542B3926450083F0F7 /* PBXTargetDependency */,
			);
			name = A10WIDGET;
			productName = A10WIDGET;
			productReference = 229EE3102B3921640083F0F7 /* A10WIDGET.app */;
			productType = "com.apple.product-type.application";
		};
		229EE31F2B3921670083F0F7 /* A10WIDGETTests */ = {
			isa = PBXNativeTarget;
			buildConfigurationList = 229EE3372B3921670083F0F7 /* Build configuration list for PBXNativeTarget "A10WIDGETTests" */;
			buildPhases = (
				229EE31C2B3921670083F0F7 /* Sources */,
				229EE31D2B3921670083F0F7 /* Frameworks */,
				229EE31E2B3921670083F0F7 /* Resources */,
			);
			buildRules = (
			);
			dependencies = (
				229EE3222B3921670083F0F7 /* PBXTargetDependency */,
			);
			name = A10WIDGETTests;
			productName = A10WIDGETTests;
			productReference = 229EE3202B3921670083F0F7 /* A10WIDGETTests.xctest */;
			productType = "com.apple.product-type.bundle.unit-test";
		};
		229EE3292B3921670083F0F7 /* A10WIDGETUITests */ = {
			isa = PBXNativeTarget;
			buildConfigurationList = 229EE33A2B3921670083F0F7 /* Build configuration list for PBXNativeTarget "A10WIDGETUITests" */;
			buildPhases = (
				229EE3262B3921670083F0F7 /* Sources */,
				229EE3272B3921670083F0F7 /* Frameworks */,
				229EE3282B3921670083F0F7 /* Resources */,
			);
			buildRules = (
			);
			dependencies = (
				229EE32C2B3921670083F0F7 /* PBXTargetDependency */,
			);
			name = A10WIDGETUITests;
			productName = A10WIDGETUITests;
			productReference = 229EE32A2B3921670083F0F7 /* A10WIDGETUITests.xctest */;
			productType = "com.apple.product-type.bundle.ui-testing";
		};
		229EE3402B3926440083F0F7 /* widgettargetExtension */ = {
			isa = PBXNativeTarget;
			buildConfigurationList = 229EE3562B3926450083F0F7 /* Build configuration list for PBXNativeTarget "widgettargetExtension" */;
			buildPhases = (
				229EE33D2B3926440083F0F7 /* Sources */,
				229EE33E2B3926440083F0F7 /* Frameworks */,
				229EE33F2B3926440083F0F7 /* Resources */,
			);
			buildRules = (
			);
			dependencies = (
			);
			name = widgettargetExtension;
			productName = widgettargetExtension;
			productReference = 229EE3412B3926440083F0F7 /* widgettargetExtension.appex */;
			productType = "com.apple.product-type.app-extension";
		};
/* End PBXNativeTarget section */

/* Begin PBXProject section */
		229EE3082B3921640083F0F7 /* Project object */ = {
			isa = PBXProject;
			attributes = {
				BuildIndependentTargetsInParallel = 1;
				LastSwiftUpdateCheck = 1510;
				LastUpgradeCheck = 1510;
				TargetAttributes = {
					229EE30F2B3921640083F0F7 = {
						CreatedOnToolsVersion = 15.1;
					};
					229EE31F2B3921670083F0F7 = {
						CreatedOnToolsVersion = 15.1;
						TestTargetID = 229EE30F2B3921640083F0F7;
					};
					229EE3292B3921670083F0F7 = {
						CreatedOnToolsVersion = 15.1;
						TestTargetID = 229EE30F2B3921640083F0F7;
					};
					229EE3402B3926440083F0F7 = {
						CreatedOnToolsVersion = 15.1;
					};
				};
			};
			buildConfigurationList = 229EE30B2B3921640083F0F7 /* Build configuration list for PBXProject "A10WIDGET" */;
			compatibilityVersion = "Xcode 14.0";
			developmentRegion = en;
			hasScannedForEncodings = 0;
			knownRegions = (
				en,
				Base,
			);
			mainGroup = 229EE3072B3921640083F0F7;
			productRefGroup = 229EE3112B3921640083F0F7 /* Products */;
			projectDirPath = "";
			projectRoot = "";
			targets = (
				229EE30F2B3921640083F0F7 /* A10WIDGET */,
				229EE31F2B3921670083F0F7 /* A10WIDGETTests */,
				229EE3292B3921670083F0F7 /* A10WIDGETUITests */,
				229EE3402B3926440083F0F7 /* widgettargetExtension */,
			);
		};
/* End PBXProject section */

/* Begin PBXResourcesBuildPhase section */
		229EE30E2B3921640083F0F7 /* Resources */ = {
			isa = PBXResourcesBuildPhase;
			buildActionMask = 2147483647;
			files = (
				229EE31B2B3921670083F0F7 /* Preview Assets.xcassets in Resources */,
				229EE3182B3921670083F0F7 /* Assets.xcassets in Resources */,
			);
			runOnlyForDeploymentPostprocessing = 0;
		};
		229EE31E2B3921670083F0F7 /* Resources */ = {
			isa = PBXResourcesBuildPhase;
			buildActionMask = 2147483647;
			files = (
			);
			runOnlyForDeploymentPostprocessing = 0;
		};
		229EE3282B3921670083F0F7 /* Resources */ = {
			isa = PBXResourcesBuildPhase;
			buildActionMask = 2147483647;
			files = (
			);
			runOnlyForDeploymentPostprocessing = 0;
		};
		229EE33F2B3926440083F0F7 /* Resources */ = {
			isa = PBXResourcesBuildPhase;
			buildActionMask = 2147483647;
			files = (
				229EE3512B3926450083F0F7 /* Assets.xcassets in Resources */,
			);
			runOnlyForDeploymentPostprocessing = 0;
		};
/* End PBXResourcesBuildPhase section */

/* Begin PBXSourcesBuildPhase section */
		229EE30C2B3921640083F0F7 /* Sources */ = {
			isa = PBXSourcesBuildPhase;
			buildActionMask = 2147483647;
			files = (
				229EE35B2B4528560083F0F7 /* QuoteProvider.swift in Sources */,
				229EE3162B3921640083F0F7 /* ContentView.swift in Sources */,
				229EE3142B3921640083F0F7 /* A10WIDGETApp.swift in Sources */,
			);
			runOnlyForDeploymentPostprocessing = 0;
		};
		229EE31C2B3921670083F0F7 /* Sources */ = {
			isa = PBXSourcesBuildPhase;
			buildActionMask = 2147483647;
			files = (
				229EE3252B3921670083F0F7 /* A10WIDGETTests.swift in Sources */,
			);
			runOnlyForDeploymentPostprocessing = 0;
		};
		229EE3262B3921670083F0F7 /* Sources */ = {
			isa = PBXSourcesBuildPhase;
			buildActionMask = 2147483647;
			files = (
				229EE32F2B3921670083F0F7 /* A10WIDGETUITests.swift in Sources */,
				229EE3312B3921670083F0F7 /* A10WIDGETUITestsLaunchTests.swift in Sources */,
			);
			runOnlyForDeploymentPostprocessing = 0;
		};
		229EE33D2B3926440083F0F7 /* Sources */ = {
			isa = PBXSourcesBuildPhase;
			buildActionMask = 2147483647;
			files = (
				229EE3492B3926440083F0F7 /* widgettargetBundle.swift in Sources */,
				229EE34F2B3926440083F0F7 /* AppIntent.swift in Sources */,
				229EE34D2B3926440083F0F7 /* widgettarget.swift in Sources */,
				229EE34B2B3926440083F0F7 /* widgettargetLiveActivity.swift in Sources */,
				229EE35C2B452AF80083F0F7 /* QuoteProvider.swift in Sources */,
			);
			runOnlyForDeploymentPostprocessing = 0;
		};
/* End PBXSourcesBuildPhase section */

/* Begin PBXTargetDependency section */
		229EE3222B3921670083F0F7 /* PBXTargetDependency */ = {
			isa = PBXTargetDependency;
			target = 229EE30F2B3921640083F0F7 /* A10WIDGET */;
			targetProxy = 229EE3212B3921670083F0F7 /* PBXContainerItemProxy */;
		};
		229EE32C2B3921670083F0F7 /* PBXTargetDependency */ = {
			isa = PBXTargetDependency;
			target = 229EE30F2B3921640083F0F7 /* A10WIDGET */;
			targetProxy = 229EE32B2B3921670083F0F7 /* PBXContainerItemProxy */;
		};
		229EE3542B3926450083F0F7 /* PBXTargetDependency */ = {
			isa = PBXTargetDependency;
			target = 229EE3402B3926440083F0F7 /* widgettargetExtension */;
			targetProxy = 229EE3532B3926450083F0F7 /* PBXContainerItemProxy */;
		};
/* End PBXTargetDependency section */

/* Begin XCBuildConfiguration section */
		229EE3322B3921670083F0F7 /* Debug */ = {
			isa = XCBuildConfiguration;
			buildSettings = {
				ALWAYS_SEARCH_USER_PATHS = NO;
				ASSETCATALOG_COMPILER_GENERATE_SWIFT_ASSET_SYMBOL_EXTENSIONS = YES;
				CLANG_ANALYZER_NONNULL = YES;
				CLANG_ANALYZER_NUMBER_OBJECT_CONVERSION = YES_AGGRESSIVE;
				CLANG_CXX_LANGUAGE_STANDARD = "gnu++20";
				CLANG_ENABLE_MODULES = YES;
				CLANG_ENABLE_OBJC_ARC = YES;
				CLANG_ENABLE_OBJC_WEAK = YES;
				CLANG_WARN_BLOCK_CAPTURE_AUTORELEASING = YES;
				CLANG_WARN_BOOL_CONVERSION = YES;
				CLANG_WARN_COMMA = YES;
				CLANG_WARN_CONSTANT_CONVERSION = YES;
				CLANG_WARN_DEPRECATED_OBJC_IMPLEMENTATIONS = YES;
				CLANG_WARN_DIRECT_OBJC_ISA_USAGE = YES_ERROR;
				CLANG_WARN_DOCUMENTATION_COMMENTS = YES;
				CLANG_WARN_EMPTY_BODY = YES;
				CLANG_WARN_ENUM_CONVERSION = YES;
				CLANG_WARN_INFINITE_RECURSION = YES;
				CLANG_WARN_INT_CONVERSION = YES;
				CLANG_WARN_NON_LITERAL_NULL_CONVERSION = YES;
				CLANG_WARN_OBJC_IMPLICIT_RETAIN_SELF = YES;
				CLANG_WARN_OBJC_LITERAL_CONVERSION = YES;
				CLANG_WARN_OBJC_ROOT_CLASS = YES_ERROR;
				CLANG_WARN_QUOTED_INCLUDE_IN_FRAMEWORK_HEADER = YES;
				CLANG_WARN_RANGE_LOOP_ANALYSIS = YES;
				CLANG_WARN_STRICT_PROTOTYPES = YES;
				CLANG_WARN_SUSPICIOUS_MOVE = YES;
				CLANG_WARN_UNGUARDED_AVAILABILITY = YES_AGGRESSIVE;
				CLANG_WARN_UNREACHABLE_CODE = YES;
				CLANG_WARN__DUPLICATE_METHOD_MATCH = YES;
				COPY_PHASE_STRIP = NO;
				DEBUG_INFORMATION_FORMAT = dwarf;
				ENABLE_STRICT_OBJC_MSGSEND = YES;
				ENABLE_TESTABILITY = YES;
				ENABLE_USER_SCRIPT_SANDBOXING = YES;
				GCC_C_LANGUAGE_STANDARD = gnu17;
				GCC_DYNAMIC_NO_PIC = NO;
				GCC_NO_COMMON_BLOCKS = YES;
				GCC_OPTIMIZATION_LEVEL = 0;
				GCC_PREPROCESSOR_DEFINITIONS = (
					"DEBUG=1",
					"$(inherited)",
				);
				GCC_WARN_64_TO_32_BIT_CONVERSION = YES;
				GCC_WARN_ABOUT_RETURN_TYPE = YES_ERROR;
				GCC_WARN_UNDECLARED_SELECTOR = YES;
				GCC_WARN_UNINITIALIZED_AUTOS = YES_AGGRESSIVE;
				GCC_WARN_UNUSED_FUNCTION = YES;
				GCC_WARN_UNUSED_VARIABLE = YES;
				IPHONEOS_DEPLOYMENT_TARGET = 17.2;
				LOCALIZATION_PREFERS_STRING_CATALOGS = YES;
				MTL_ENABLE_DEBUG_INFO = INCLUDE_SOURCE;
				MTL_FAST_MATH = YES;
				ONLY_ACTIVE_ARCH = YES;
				SDKROOT = iphoneos;
				SWIFT_ACTIVE_COMPILATION_CONDITIONS = "DEBUG $(inherited)";
				SWIFT_OPTIMIZATION_LEVEL = "-Onone";
			};
			name = Debug;
		};
		229EE3332B3921670083F0F7 /* Release */ = {
			isa = XCBuildConfiguration;
			buildSettings = {
				ALWAYS_SEARCH_USER_PATHS = NO;
				ASSETCATALOG_COMPILER_GENERATE_SWIFT_ASSET_SYMBOL_EXTENSIONS = YES;
				CLANG_ANALYZER_NONNULL = YES;
				CLANG_ANALYZER_NUMBER_OBJECT_CONVERSION = YES_AGGRESSIVE;
				CLANG_CXX_LANGUAGE_STANDARD = "gnu++20";
				CLANG_ENABLE_MODULES = YES;
				CLANG_ENABLE_OBJC_ARC = YES;
				CLANG_ENABLE_OBJC_WEAK = YES;
				CLANG_WARN_BLOCK_CAPTURE_AUTORELEASING = YES;
				CLANG_WARN_BOOL_CONVERSION = YES;
				CLANG_WARN_COMMA = YES;
				CLANG_WARN_CONSTANT_CONVERSION = YES;
				CLANG_WARN_DEPRECATED_OBJC_IMPLEMENTATIONS = YES;
				CLANG_WARN_DIRECT_OBJC_ISA_USAGE = YES_ERROR;
				CLANG_WARN_DOCUMENTATION_COMMENTS = YES;
				CLANG_WARN_EMPTY_BODY = YES;
				CLANG_WARN_ENUM_CONVERSION = YES;
				CLANG_WARN_INFINITE_RECURSION = YES;
				CLANG_WARN_INT_CONVERSION = YES;
				CLANG_WARN_NON_LITERAL_NULL_CONVERSION = YES;
				CLANG_WARN_OBJC_IMPLICIT_RETAIN_SELF = YES;
				CLANG_WARN_OBJC_LITERAL_CONVERSION = YES;
				CLANG_WARN_OBJC_ROOT_CLASS = YES_ERROR;
				CLANG_WARN_QUOTED_INCLUDE_IN_FRAMEWORK_HEADER = YES;
				CLANG_WARN_RANGE_LOOP_ANALYSIS = YES;
				CLANG_WARN_STRICT_PROTOTYPES = YES;
				CLANG_WARN_SUSPICIOUS_MOVE = YES;
				CLANG_WARN_UNGUARDED_AVAILABILITY = YES_AGGRESSIVE;
				CLANG_WARN_UNREACHABLE_CODE = YES;
				CLANG_WARN__DUPLICATE_METHOD_MATCH = YES;
				COPY_PHASE_STRIP = NO;
				DEBUG_INFORMATION_FORMAT = "dwarf-with-dsym";
				ENABLE_NS_ASSERTIONS = NO;
				ENABLE_STRICT_OBJC_MSGSEND = YES;
				ENABLE_USER_SCRIPT_SANDBOXING = YES;
				GCC_C_LANGUAGE_STANDARD = gnu17;
				GCC_NO_COMMON_BLOCKS = YES;
				GCC_WARN_64_TO_32_BIT_CONVERSION = YES;
				GCC_WARN_ABOUT_RETURN_TYPE = YES_ERROR;
				GCC_WARN_UNDECLARED_SELECTOR = YES;
				GCC_WARN_UNINITIALIZED_AUTOS = YES_AGGRESSIVE;
				GCC_WARN_UNUSED_FUNCTION = YES;
				GCC_WARN_UNUSED_VARIABLE = YES;
				IPHONEOS_DEPLOYMENT_TARGET = 17.2;
				LOCALIZATION_PREFERS_STRING_CATALOGS = YES;
				MTL_ENABLE_DEBUG_INFO = NO;
				MTL_FAST_MATH = YES;
				SDKROOT = iphoneos;
				SWIFT_COMPILATION_MODE = wholemodule;
				VALIDATE_PRODUCT = YES;
			};
			name = Release;
		};
		229EE3352B3921670083F0F7 /* Debug */ = {
			isa = XCBuildConfiguration;
			buildSettings = {
				ALWAYS_EMBED_SWIFT_STANDARD_LIBRARIES = YES;
				ASSETCATALOG_COMPILER_APPICON_NAME = AppIcon;
				ASSETCATALOG_COMPILER_GLOBAL_ACCENT_COLOR_NAME = AccentColor;
				CODE_SIGN_STYLE = Automatic;
				CURRENT_PROJECT_VERSION = 1;
				DEVELOPMENT_ASSET_PATHS = "\"A10WIDGET/Preview Content\"";
				DEVELOPMENT_TEAM = 4NTZ84RKKJ;
				ENABLE_PREVIEWS = YES;
				GENERATE_INFOPLIST_FILE = YES;
				INFOPLIST_KEY_UIApplicationSceneManifest_Generation = YES;
				INFOPLIST_KEY_UIApplicationSupportsIndirectInputEvents = YES;
				INFOPLIST_KEY_UILaunchScreen_Generation = YES;
				INFOPLIST_KEY_UISupportedInterfaceOrientations_iPad = "UIInterfaceOrientationPortrait UIInterfaceOrientationPortraitUpsideDown UIInterfaceOrientationLandscapeLeft UIInterfaceOrientationLandscapeRight";
				INFOPLIST_KEY_UISupportedInterfaceOrientations_iPhone = "UIInterfaceOrientationPortrait UIInterfaceOrientationLandscapeLeft UIInterfaceOrientationLandscapeRight";
				LD_RUNPATH_SEARCH_PATHS = (
					"$(inherited)",
					"@executable_path/Frameworks",
				);
				MARKETING_VERSION = 1.0;
				PRODUCT_BUNDLE_IDENTIFIER = e.A10WIDGET;
				PRODUCT_NAME = "$(TARGET_NAME)";
				SWIFT_EMIT_LOC_STRINGS = YES;
				SWIFT_VERSION = 5.0;
				TARGETED_DEVICE_FAMILY = "1,2";
			};
			name = Debug;
		};
		229EE3362B3921670083F0F7 /* Release */ = {
			isa = XCBuildConfiguration;
			buildSettings = {
				ALWAYS_EMBED_SWIFT_STANDARD_LIBRARIES = YES;
				ASSETCATALOG_COMPILER_APPICON_NAME = AppIcon;
				ASSETCATALOG_COMPILER_GLOBAL_ACCENT_COLOR_NAME = AccentColor;
				CODE_SIGN_STYLE = Automatic;
				CURRENT_PROJECT_VERSION = 1;
				DEVELOPMENT_ASSET_PATHS = "\"A10WIDGET/Preview Content\"";
				DEVELOPMENT_TEAM = 4NTZ84RKKJ;
				ENABLE_PREVIEWS = YES;
				GENERATE_INFOPLIST_FILE = YES;
				INFOPLIST_KEY_UIApplicationSceneManifest_Generation = YES;
				INFOPLIST_KEY_UIApplicationSupportsIndirectInputEvents = YES;
				INFOPLIST_KEY_UILaunchScreen_Generation = YES;
				INFOPLIST_KEY_UISupportedInterfaceOrientations_iPad = "UIInterfaceOrientationPortrait UIInterfaceOrientationPortraitUpsideDown UIInterfaceOrientationLandscapeLeft UIInterfaceOrientationLandscapeRight";
				INFOPLIST_KEY_UISupportedInterfaceOrientations_iPhone = "UIInterfaceOrientationPortrait UIInterfaceOrientationLandscapeLeft UIInterfaceOrientationLandscapeRight";
				LD_RUNPATH_SEARCH_PATHS = (
					"$(inherited)",
					"@executable_path/Frameworks",
				);
				MARKETING_VERSION = 1.0;
				PRODUCT_BUNDLE_IDENTIFIER = e.A10WIDGET;
				PRODUCT_NAME = "$(TARGET_NAME)";
				SWIFT_EMIT_LOC_STRINGS = YES;
				SWIFT_VERSION = 5.0;
				TARGETED_DEVICE_FAMILY = "1,2";
			};
			name = Release;
		};
		229EE3382B3921670083F0F7 /* Debug */ = {
			isa = XCBuildConfiguration;
			buildSettings = {
				ALWAYS_EMBED_SWIFT_STANDARD_LIBRARIES = YES;
				BUNDLE_LOADER = "$(TEST_HOST)";
				CODE_SIGN_STYLE = Automatic;
				CURRENT_PROJECT_VERSION = 1;
				DEVELOPMENT_TEAM = 4NTZ84RKKJ;
				GENERATE_INFOPLIST_FILE = YES;
				IPHONEOS_DEPLOYMENT_TARGET = 17.2;
				MARKETING_VERSION = 1.0;
				PRODUCT_BUNDLE_IDENTIFIER = e.A10WIDGETTests;
				PRODUCT_NAME = "$(TARGET_NAME)";
				SWIFT_EMIT_LOC_STRINGS = NO;
				SWIFT_VERSION = 5.0;
				TARGETED_DEVICE_FAMILY = "1,2";
				TEST_HOST = "$(BUILT_PRODUCTS_DIR)/A10WIDGET.app/$(BUNDLE_EXECUTABLE_FOLDER_PATH)/A10WIDGET";
			};
			name = Debug;
		};
		229EE3392B3921670083F0F7 /* Release */ = {
			isa = XCBuildConfiguration;
			buildSettings = {
				ALWAYS_EMBED_SWIFT_STANDARD_LIBRARIES = YES;
				BUNDLE_LOADER = "$(TEST_HOST)";
				CODE_SIGN_STYLE = Automatic;
				CURRENT_PROJECT_VERSION = 1;
				DEVELOPMENT_TEAM = 4NTZ84RKKJ;
				GENERATE_INFOPLIST_FILE = YES;
				IPHONEOS_DEPLOYMENT_TARGET = 17.2;
				MARKETING_VERSION = 1.0;
				PRODUCT_BUNDLE_IDENTIFIER = e.A10WIDGETTests;
				PRODUCT_NAME = "$(TARGET_NAME)";
				SWIFT_EMIT_LOC_STRINGS = NO;
				SWIFT_VERSION = 5.0;
				TARGETED_DEVICE_FAMILY = "1,2";
				TEST_HOST = "$(BUILT_PRODUCTS_DIR)/A10WIDGET.app/$(BUNDLE_EXECUTABLE_FOLDER_PATH)/A10WIDGET";
			};
			name = Release;
		};
		229EE33B2B3921670083F0F7 /* Debug */ = {
			isa = XCBuildConfiguration;
			buildSettings = {
				ALWAYS_EMBED_SWIFT_STANDARD_LIBRARIES = YES;
				CODE_SIGN_STYLE = Automatic;
				CURRENT_PROJECT_VERSION = 1;
				DEVELOPMENT_TEAM = 4NTZ84RKKJ;
				GENERATE_INFOPLIST_FILE = YES;
				MARKETING_VERSION = 1.0;
				PRODUCT_BUNDLE_IDENTIFIER = e.A10WIDGETUITests;
				PRODUCT_NAME = "$(TARGET_NAME)";
				SWIFT_EMIT_LOC_STRINGS = NO;
				SWIFT_VERSION = 5.0;
				TARGETED_DEVICE_FAMILY = "1,2";
				TEST_TARGET_NAME = A10WIDGET;
			};
			name = Debug;
		};
		229EE33C2B3921670083F0F7 /* Release */ = {
			isa = XCBuildConfiguration;
			buildSettings = {
				ALWAYS_EMBED_SWIFT_STANDARD_LIBRARIES = YES;
				CODE_SIGN_STYLE = Automatic;
				CURRENT_PROJECT_VERSION = 1;
				DEVELOPMENT_TEAM = 4NTZ84RKKJ;
				GENERATE_INFOPLIST_FILE = YES;
				MARKETING_VERSION = 1.0;
				PRODUCT_BUNDLE_IDENTIFIER = e.A10WIDGETUITests;
				PRODUCT_NAME = "$(TARGET_NAME)";
				SWIFT_EMIT_LOC_STRINGS = NO;
				SWIFT_VERSION = 5.0;
				TARGETED_DEVICE_FAMILY = "1,2";
				TEST_TARGET_NAME = A10WIDGET;
			};
			name = Release;
		};
		229EE3572B3926450083F0F7 /* Debug */ = {
			isa = XCBuildConfiguration;
			buildSettings = {
				ASSETCATALOG_COMPILER_GLOBAL_ACCENT_COLOR_NAME = AccentColor;
				ASSETCATALOG_COMPILER_WIDGET_BACKGROUND_COLOR_NAME = WidgetBackground;
				CODE_SIGN_STYLE = Automatic;
				CURRENT_PROJECT_VERSION = 1;
				DEVELOPMENT_TEAM = 4NTZ84RKKJ;
				GENERATE_INFOPLIST_FILE = YES;
				INFOPLIST_FILE = widgettarget/Info.plist;
				INFOPLIST_KEY_CFBundleDisplayName = widgettarget;
				INFOPLIST_KEY_NSHumanReadableCopyright = "";
				LD_RUNPATH_SEARCH_PATHS = (
					"$(inherited)",
					"@executable_path/Frameworks",
					"@executable_path/../../Frameworks",
				);
				MARKETING_VERSION = 1.0;
				PRODUCT_BUNDLE_IDENTIFIER = e.A10WIDGET.widgettarget;
				PRODUCT_NAME = "$(TARGET_NAME)";
				SKIP_INSTALL = YES;
				SWIFT_EMIT_LOC_STRINGS = YES;
				SWIFT_VERSION = 5.0;
				TARGETED_DEVICE_FAMILY = "1,2";
			};
			name = Debug;
		};
		229EE3582B3926450083F0F7 /* Release */ = {
			isa = XCBuildConfiguration;
			buildSettings = {
				ASSETCATALOG_COMPILER_GLOBAL_ACCENT_COLOR_NAME = AccentColor;
				ASSETCATALOG_COMPILER_WIDGET_BACKGROUND_COLOR_NAME = WidgetBackground;
				CODE_SIGN_STYLE = Automatic;
				CURRENT_PROJECT_VERSION = 1;
				DEVELOPMENT_TEAM = 4NTZ84RKKJ;
				GENERATE_INFOPLIST_FILE = YES;
				INFOPLIST_FILE = widgettarget/Info.plist;
				INFOPLIST_KEY_CFBundleDisplayName = widgettarget;
				INFOPLIST_KEY_NSHumanReadableCopyright = "";
				LD_RUNPATH_SEARCH_PATHS = (
					"$(inherited)",
					"@executable_path/Frameworks",
					"@executable_path/../../Frameworks",
				);
				MARKETING_VERSION = 1.0;
				PRODUCT_BUNDLE_IDENTIFIER = e.A10WIDGET.widgettarget;
				PRODUCT_NAME = "$(TARGET_NAME)";
				SKIP_INSTALL = YES;
				SWIFT_EMIT_LOC_STRINGS = YES;
				SWIFT_VERSION = 5.0;
				TARGETED_DEVICE_FAMILY = "1,2";
			};
			name = Release;
		};
/* End XCBuildConfiguration section */

/* Begin XCConfigurationList section */
		229EE30B2B3921640083F0F7 /* Build configuration list for PBXProject "A10WIDGET" */ = {
			isa = XCConfigurationList;
			buildConfigurations = (
				229EE3322B3921670083F0F7 /* Debug */,
				229EE3332B3921670083F0F7 /* Release */,
			);
			defaultConfigurationIsVisible = 0;
			defaultConfigurationName = Release;
		};
		229EE3342B3921670083F0F7 /* Build configuration list for PBXNativeTarget "A10WIDGET" */ = {
			isa = XCConfigurationList;
			buildConfigurations = (
				229EE3352B3921670083F0F7 /* Debug */,
				229EE3362B3921670083F0F7 /* Release */,
			);
			defaultConfigurationIsVisible = 0;
			defaultConfigurationName = Release;
		};
		229EE3372B3921670083F0F7 /* Build configuration list for PBXNativeTarget "A10WIDGETTests" */ = {
			isa = XCConfigurationList;
			buildConfigurations = (
				229EE3382B3921670083F0F7 /* Debug */,
				229EE3392B3921670083F0F7 /* Release */,
			);
			defaultConfigurationIsVisible = 0;
			defaultConfigurationName = Release;
		};
		229EE33A2B3921670083F0F7 /* Build configuration list for PBXNativeTarget "A10WIDGETUITests" */ = {
			isa = XCConfigurationList;
			buildConfigurations = (
				229EE33B2B3921670083F0F7 /* Debug */,
				229EE33C2B3921670083F0F7 /* Release */,
			);
			defaultConfigurationIsVisible = 0;
			defaultConfigurationName = Release;
		};
		229EE3562B3926450083F0F7 /* Build configuration list for PBXNativeTarget "widgettargetExtension" */ = {
			isa = XCConfigurationList;
			buildConfigurations = (
				229EE3572B3926450083F0F7 /* Debug */,
				229EE3582B3926450083F0F7 /* Release */,
			);
			defaultConfigurationIsVisible = 0;
			defaultConfigurationName = Release;
		};
/* End XCConfigurationList section */
	};
	rootObject = 229EE3082B3921640083F0F7 /* Project object */;
}
